
Microsoft Visual Studio Solution File, Format Version 12.00
# Visual Studio Version 17
VisualStudioVersion = 17.13.35931.197 d17.13
MinimumVisualStudioVersion = 10.0.40219.1
Project("{FAE04EC0-301F-11D3-BF4B-00C04F79EFBC}") = "TesteLista", "TesteLista\TesteLista.csproj", "{7DC96D81-3C31-478C-92DE-44483B4C9F9B}"
EndProject
Global
	GlobalSection(SolutionConfigurationPlatforms) = preSolution
		Debug|Any CPU = Debug|Any CPU
		Release|Any CPU = Release|Any CPU
	EndGlobalSection
	GlobalSection(ProjectConfigurationPlatforms) = postSolution
		{7DC96D81-3C31-478C-92DE-44483B4C9F9B}.Debug|Any CPU.ActiveCfg = Debug|Any CPU
		{7DC96D81-3C31-478C-92DE-44483B4C9F9B}.Debug|Any CPU.Build.0 = Debug|Any CPU
		{7DC96D81-3C31-478C-92DE-44483B4C9F9B}.Release|Any CPU.ActiveCfg = Release|Any CPU
		{7DC96D81-3C31-478C-92DE-44483B4C9F9B}.Release|Any CPU.Build.0 = Release|Any CPU
	EndGlobalSection
	GlobalSection(SolutionProperties) = preSolution
		HideSolutionNode = FALSE
	EndGlobalSection
	GlobalSection(ExtensibilityGlobals) = postSolution
		SolutionGuid = {5CE65E4E-141A-4F13-A8A2-86DDA96D9B76}
	EndGlobalSection
EndGlobal
