
Microsoft Visual Studio Solution File, Format Version 12.00
# Visual Studio Version 17
VisualStudioVersion = 17.13.35931.197 d17.13
MinimumVisualStudioVersion = 10.0.40219.1
Project("{FAE04EC0-301F-11D3-BF4B-00C04F79EFBC}") = "TesteImpostoRenda", "TesteImpostoRenda\TesteImpostoRenda.csproj", "{9F7B0FF1-AFA2-4C8C-848A-4A7A9E50E09C}"
EndProject
Global
	GlobalSection(SolutionConfigurationPlatforms) = preSolution
		Debug|Any CPU = Debug|Any CPU
		Release|Any CPU = Release|Any CPU
	EndGlobalSection
	GlobalSection(ProjectConfigurationPlatforms) = postSolution
		{9F7B0FF1-AFA2-4C8C-848A-4A7A9E50E09C}.Debug|Any CPU.ActiveCfg = Debug|Any CPU
		{9F7B0FF1-AFA2-4C8C-848A-4A7A9E50E09C}.Debug|Any CPU.Build.0 = Debug|Any CPU
		{9F7B0FF1-AFA2-4C8C-848A-4A7A9E50E09C}.Release|Any CPU.ActiveCfg = Release|Any CPU
		{9F7B0FF1-AFA2-4C8C-848A-4A7A9E50E09C}.Release|Any CPU.Build.0 = Release|Any CPU
	EndGlobalSection
	GlobalSection(SolutionProperties) = preSolution
		HideSolutionNode = FALSE
	EndGlobalSection
	GlobalSection(ExtensibilityGlobals) = postSolution
		SolutionGuid = {135872C0-E983-4D90-BEED-98BD75C008C0}
	EndGlobalSection
EndGlobal
