
Microsoft Visual Studio Solution File, Format Version 12.00
# Visual Studio Version 17
VisualStudioVersion = 17.13.35931.197 d17.13
MinimumVisualStudioVersion = 10.0.40219.1
Project("{FAE04EC0-301F-11D3-BF4B-00C04F79EFBC}") = "TabelaPreco", "TabelaPreco\TabelaPreco.csproj", "{44671893-18D9-45C7-AB8E-20EA58E8A473}"
EndProject
Global
	GlobalSection(SolutionConfigurationPlatforms) = preSolution
		Debug|Any CPU = Debug|Any CPU
		Release|Any CPU = Release|Any CPU
	EndGlobalSection
	GlobalSection(ProjectConfigurationPlatforms) = postSolution
		{44671893-18D9-45C7-AB8E-20EA58E8A473}.Debug|Any CPU.ActiveCfg = Debug|Any CPU
		{44671893-18D9-45C7-AB8E-20EA58E8A473}.Debug|Any CPU.Build.0 = Debug|Any CPU
		{44671893-18D9-45C7-AB8E-20EA58E8A473}.Release|Any CPU.ActiveCfg = Release|Any CPU
		{44671893-18D9-45C7-AB8E-20EA58E8A473}.Release|Any CPU.Build.0 = Release|Any CPU
	EndGlobalSection
	GlobalSection(SolutionProperties) = preSolution
		HideSolutionNode = FALSE
	EndGlobalSection
	GlobalSection(ExtensibilityGlobals) = postSolution
		SolutionGuid = {8F57EBA2-EFBF-426F-9CB8-BF4FFB79C1BF}
	EndGlobalSection
EndGlobal
