
Microsoft Visual Studio Solution File, Format Version 12.00
# Visual Studio Version 17
VisualStudioVersion = 17.13.35931.197 d17.13
MinimumVisualStudioVersion = 10.0.40219.1
Project("{FAE04EC0-301F-11D3-BF4B-00C04F79EFBC}") = "TesteFuncionariov2", "TesteFuncionariov2\TesteFuncionariov2.csproj", "{9F8AB4B1-0833-4789-83B2-348C13DD2E9C}"
EndProject
Global
	GlobalSection(SolutionConfigurationPlatforms) = preSolution
		Debug|Any CPU = Debug|Any CPU
		Release|Any CPU = Release|Any CPU
	EndGlobalSection
	GlobalSection(ProjectConfigurationPlatforms) = postSolution
		{9F8AB4B1-0833-4789-83B2-348C13DD2E9C}.Debug|Any CPU.ActiveCfg = Debug|Any CPU
		{9F8AB4B1-0833-4789-83B2-348C13DD2E9C}.Debug|Any CPU.Build.0 = Debug|Any CPU
		{9F8AB4B1-0833-4789-83B2-348C13DD2E9C}.Release|Any CPU.ActiveCfg = Release|Any CPU
		{9F8AB4B1-0833-4789-83B2-348C13DD2E9C}.Release|Any CPU.Build.0 = Release|Any CPU
	EndGlobalSection
	GlobalSection(SolutionProperties) = preSolution
		HideSolutionNode = FALSE
	EndGlobalSection
	GlobalSection(ExtensibilityGlobals) = postSolution
		SolutionGuid = {599C657F-C34F-42A4-A98D-096A72A96531}
	EndGlobalSection
EndGlobal
