
Microsoft Visual Studio Solution File, Format Version 12.00
# Visual Studio Version 17
VisualStudioVersion = 17.13.35931.197 d17.13
MinimumVisualStudioVersion = 10.0.40219.1
Project("{FAE04EC0-301F-11D3-BF4B-00C04F79EFBC}") = "TesteFuncao", "TesteFuncao\TesteFuncao.csproj", "{60B00526-FAEE-4888-9EDB-FB2C547A9906}"
EndProject
Global
	GlobalSection(SolutionConfigurationPlatforms) = preSolution
		Debug|Any CPU = Debug|Any CPU
		Release|Any CPU = Release|Any CPU
	EndGlobalSection
	GlobalSection(ProjectConfigurationPlatforms) = postSolution
		{60B00526-FAEE-4888-9EDB-FB2C547A9906}.Debug|Any CPU.ActiveCfg = Debug|Any CPU
		{60B00526-FAEE-4888-9EDB-FB2C547A9906}.Debug|Any CPU.Build.0 = Debug|Any CPU
		{60B00526-FAEE-4888-9EDB-FB2C547A9906}.Release|Any CPU.ActiveCfg = Release|Any CPU
		{60B00526-FAEE-4888-9EDB-FB2C547A9906}.Release|Any CPU.Build.0 = Release|Any CPU
	EndGlobalSection
	GlobalSection(SolutionProperties) = preSolution
		HideSolutionNode = FALSE
	EndGlobalSection
	GlobalSection(ExtensibilityGlobals) = postSolution
		SolutionGuid = {BEC1FD9F-969D-47E5-BFB3-306197E33017}
	EndGlobalSection
EndGlobal
