
Microsoft Visual Studio Solution File, Format Version 12.00
# Visual Studio Version 17
VisualStudioVersion = 17.13.35931.197 d17.13
MinimumVisualStudioVersion = 10.0.40219.1
Project("{FAE04EC0-301F-11D3-BF4B-00C04F79EFBC}") = "TesteForIntervalo", "TesteForIntervalo\TesteForIntervalo.csproj", "{6FEF46A1-3C56-4AF8-A361-FB695A5DF516}"
EndProject
Global
	GlobalSection(SolutionConfigurationPlatforms) = preSolution
		Debug|Any CPU = Debug|Any CPU
		Release|Any CPU = Release|Any CPU
	EndGlobalSection
	GlobalSection(ProjectConfigurationPlatforms) = postSolution
		{6FEF46A1-3C56-4AF8-A361-FB695A5DF516}.Debug|Any CPU.ActiveCfg = Debug|Any CPU
		{6FEF46A1-3C56-4AF8-A361-FB695A5DF516}.Debug|Any CPU.Build.0 = Debug|Any CPU
		{6FEF46A1-3C56-4AF8-A361-FB695A5DF516}.Release|Any CPU.ActiveCfg = Release|Any CPU
		{6FEF46A1-3C56-4AF8-A361-FB695A5DF516}.Release|Any CPU.Build.0 = Release|Any CPU
	EndGlobalSection
	GlobalSection(SolutionProperties) = preSolution
		HideSolutionNode = FALSE
	EndGlobalSection
	GlobalSection(ExtensibilityGlobals) = postSolution
		SolutionGuid = {BB5CDE6F-502E-4E95-85AC-97811525D1EB}
	EndGlobalSection
EndGlobal
