
Microsoft Visual Studio Solution File, Format Version 12.00
# Visual Studio Version 17
VisualStudioVersion = 17.13.35931.197 d17.13
MinimumVisualStudioVersion = 10.0.40219.1
Project("{FAE04EC0-301F-11D3-BF4B-00C04F79EFBC}") = "TesteFor", "TesteFor\TesteFor.csproj", "{9B840DB4-1D12-479A-9214-7A3E9DA9C155}"
EndProject
Global
	GlobalSection(SolutionConfigurationPlatforms) = preSolution
		Debug|Any CPU = Debug|Any CPU
		Release|Any CPU = Release|Any CPU
	EndGlobalSection
	GlobalSection(ProjectConfigurationPlatforms) = postSolution
		{9B840DB4-1D12-479A-9214-7A3E9DA9C155}.Debug|Any CPU.ActiveCfg = Debug|Any CPU
		{9B840DB4-1D12-479A-9214-7A3E9DA9C155}.Debug|Any CPU.Build.0 = Debug|Any CPU
		{9B840DB4-1D12-479A-9214-7A3E9DA9C155}.Release|Any CPU.ActiveCfg = Release|Any CPU
		{9B840DB4-1D12-479A-9214-7A3E9DA9C155}.Release|Any CPU.Build.0 = Release|Any CPU
	EndGlobalSection
	GlobalSection(SolutionProperties) = preSolution
		HideSolutionNode = FALSE
	EndGlobalSection
	GlobalSection(ExtensibilityGlobals) = postSolution
		SolutionGuid = {0248B640-5564-421F-ACB3-2CD514FD84AF}
	EndGlobalSection
EndGlobal
