
Microsoft Visual Studio Solution File, Format Version 12.00
# Visual Studio Version 17
VisualStudioVersion = 17.13.35931.197 d17.13
MinimumVisualStudioVersion = 10.0.40219.1
Project("{FAE04EC0-301F-11D3-BF4B-00C04F79EFBC}") = "RaioCirculo", "RaioCirculo\RaioCirculo.csproj", "{6E654A80-68D4-4D9F-B72E-8B54D1D6DEA7}"
EndProject
Global
	GlobalSection(SolutionConfigurationPlatforms) = preSolution
		Debug|Any CPU = Debug|Any CPU
		Release|Any CPU = Release|Any CPU
	EndGlobalSection
	GlobalSection(ProjectConfigurationPlatforms) = postSolution
		{6E654A80-68D4-4D9F-B72E-8B54D1D6DEA7}.Debug|Any CPU.ActiveCfg = Debug|Any CPU
		{6E654A80-68D4-4D9F-B72E-8B54D1D6DEA7}.Debug|Any CPU.Build.0 = Debug|Any CPU
		{6E654A80-68D4-4D9F-B72E-8B54D1D6DEA7}.Release|Any CPU.ActiveCfg = Release|Any CPU
		{6E654A80-68D4-4D9F-B72E-8B54D1D6DEA7}.Release|Any CPU.Build.0 = Release|Any CPU
	EndGlobalSection
	GlobalSection(SolutionProperties) = preSolution
		HideSolutionNode = FALSE
	EndGlobalSection
	GlobalSection(ExtensibilityGlobals) = postSolution
		SolutionGuid = {05295594-BF49-4D77-A49C-7FAED0D2CB1D}
	EndGlobalSection
EndGlobal
