
Microsoft Visual Studio Solution File, Format Version 12.00
# Visual Studio Version 17
VisualStudioVersion = 17.13.35931.197 d17.13
MinimumVisualStudioVersion = 10.0.40219.1
Project("{FAE04EC0-301F-11D3-BF4B-00C04F79EFBC}") = "TesteOrigem", "TesteOrigem\TesteOrigem.csproj", "{1432D63B-4FF2-47D1-AE63-2495DE49B788}"
EndProject
Global
	GlobalSection(SolutionConfigurationPlatforms) = preSolution
		Debug|Any CPU = Debug|Any CPU
		Release|Any CPU = Release|Any CPU
	EndGlobalSection
	GlobalSection(ProjectConfigurationPlatforms) = postSolution
		{1432D63B-4FF2-47D1-AE63-2495DE49B788}.Debug|Any CPU.ActiveCfg = Debug|Any CPU
		{1432D63B-4FF2-47D1-AE63-2495DE49B788}.Debug|Any CPU.Build.0 = Debug|Any CPU
		{1432D63B-4FF2-47D1-AE63-2495DE49B788}.Release|Any CPU.ActiveCfg = Release|Any CPU
		{1432D63B-4FF2-47D1-AE63-2495DE49B788}.Release|Any CPU.Build.0 = Release|Any CPU
	EndGlobalSection
	GlobalSection(SolutionProperties) = preSolution
		HideSolutionNode = FALSE
	EndGlobalSection
	GlobalSection(ExtensibilityGlobals) = postSolution
		SolutionGuid = {444CFBB8-350A-4FD0-A507-61A3041514EC}
	EndGlobalSection
EndGlobal
